// !$*UTF8*$!
{
	archiveVersion = 1;
	classes = {
	};
	objectVersion = 77;
	objects = {

/* Begin PBXContainerItemProxy section */
		7D1D047F2E93AAAA00AE9B35 /* PBXContainerItemProxy */ = {
			isa = PBXContainerItemProxy;
			containerPortal = 7D1D04692E93AAA800AE9B35 /* Project object */;
			proxyType = 1;
			remoteGlobalIDString = 7D1D04702E93AAA800AE9B35;
			remoteInfo = TestCopilotFeatures;
		};
		7D1D04892E93AAAA00AE9B35 /* PBXContainerItemProxy */ = {
			isa = PBXContainerItemProxy;
			containerPortal = 7D1D04692E93AAA800AE9B35 /* Project object */;
			proxyType = 1;
			remoteGlobalIDString = 7D1D04702E93AAA800AE9B35;
			remoteInfo = TestCopilotFeatures;
		};
/* End PBXContainerItemProxy section */

/* Begin PBXFileReference section */
		7D1D04712E93AAA800AE9B35 /* TestCopilotFeatures.app */ = {isa = PBXFileReference; explicitFileType = wrapper.application; includeInIndex = 0; path = TestCopilotFeatures.app; sourceTree = BUILT_PRODUCTS_DIR; };
		7D1D047E2E93AAAA00AE9B35 /* TestCopilotFeaturesTests.xctest */ = {isa = PBXFileReference; explicitFileType = wrapper.cfbundle; includeInIndex = 0; path = TestCopilotFeaturesTests.xctest; sourceTree = BUILT_PRODUCTS_DIR; };
		7D1D04882E93AAAA00AE9B35 /* TestCopilotFeaturesUITests.xctest */ = {isa = PBXFileReference; explicitFileType = wrapper.cfbundle; includeInIndex = 0; path = TestCopilotFeaturesUITests.xctest; sourceTree = BUILT_PRODUCTS_DIR; };
/* End PBXFileReference section */

/* Begin PBXFileSystemSynchronizedRootGroup section */
		7D1D04732E93AAA800AE9B35 /* TestCopilotFeatures */ = {
			isa = PBXFileSystemSynchronizedRootGroup;
			path = TestCopilotFeatures;
			sourceTree = "<group>";
		};
		7D1D04812E93AAAA00AE9B35 /* TestCopilotFeaturesTests */ = {
			isa = PBXFileSystemSynchronizedRootGroup;
			path = TestCopilotFeaturesTests;
			sourceTree = "<group>";
		};
		7D1D048B2E93AAAA00AE9B35 /* TestCopilotFeaturesUITests */ = {
			isa = PBXFileSystemSynchronizedRootGroup;
			path = TestCopilotFeaturesUITests;
			sourceTree = "<group>";
		};
/* End PBXFileSystemSynchronizedRootGroup section */

/* Begin PBXFrameworksBuildPhase section */
		7D1D046E2E93AAA800AE9B35 /* Frameworks */ = {
			isa = PBXFrameworksBuildPhase;
			buildActionMask = 2147483647;
			files = (
			);
			runOnlyForDeploymentPostprocessing = 0;
		};
		7D1D047B2E93AAAA00AE9B35 /* Frameworks */ = {
			isa = PBXFrameworksBuildPhase;
			buildActionMask = 2147483647;
			files = (
			);
			runOnlyForDeploymentPostprocessing = 0;
		};
		7D1D04852E93AAAA00AE9B35 /* Frameworks */ = {
			isa = PBXFrameworksBuildPhase;
			buildActionMask = 2147483647;
			files = (
			);
			runOnlyForDeploymentPostprocessing = 0;
		};
/* End PBXFrameworksBuildPhase section */

/* Begin PBXGroup section */
		7D1D04682E93AAA800AE9B35 = {
			isa = PBXGroup;
			children = (
				7D1D04732E93AAA800AE9B35 /* TestCopilotFeatures */,
				7D1D04812E93AAAA00AE9B35 /* TestCopilotFeaturesTests */,
				7D1D048B2E93AAAA00AE9B35 /* TestCopilotFeaturesUITests */,
				7D1D04722E93AAA800AE9B35 /* Products */,
			);
			sourceTree = "<group>";
		};
		7D1D04722E93AAA800AE9B35 /* Products */ = {
			isa = PBXGroup;
			children = (
				7D1D04712E93AAA800AE9B35 /* TestCopilotFeatures.app */,
				7D1D047E2E93AAAA00AE9B35 /* TestCopilotFeaturesTests.xctest */,
				7D1D04882E93AAAA00AE9B35 /* TestCopilotFeaturesUITests.xctest */,
			);
			name = Products;
			sourceTree = "<group>";
		};
/* End PBXGroup section */

/* Begin PBXNativeTarget section */
		7D1D04702E93AAA800AE9B35 /* TestCopilotFeatures */ = {
			isa = PBXNativeTarget;
			buildConfigurationList = 7D1D04922E93AAAA00AE9B35 /* Build configuration list for PBXNativeTarget "TestCopilotFeatures" */;
			buildPhases = (
				7D1D046D2E93AAA800AE9B35 /* Sources */,
				7D1D046E2E93AAA800AE9B35 /* Frameworks */,
				7D1D046F2E93AAA800AE9B35 /* Resources */,
			);
			buildRules = (
			);
			dependencies = (
			);
			fileSystemSynchronizedGroups = (
				7D1D04732E93AAA800AE9B35 /* TestCopilotFeatures */,
			);
			name = TestCopilotFeatures;
			packageProductDependencies = (
			);
			productName = TestCopilotFeatures;
			productReference = 7D1D04712E93AAA800AE9B35 /* TestCopilotFeatures.app */;
			productType = "com.apple.product-type.application";
		};
		7D1D047D2E93AAAA00AE9B35 /* TestCopilotFeaturesTests */ = {
			isa = PBXNativeTarget;
			buildConfigurationList = 7D1D04952E93AAAA00AE9B35 /* Build configuration list for PBXNativeTarget "TestCopilotFeaturesTests" */;
			buildPhases = (
				7D1D047A2E93AAAA00AE9B35 /* Sources */,
				7D1D047B2E93AAAA00AE9B35 /* Frameworks */,
				7D1D047C2E93AAAA00AE9B35 /* Resources */,
			);
			buildRules = (
			);
			dependencies = (
				7D1D04802E93AAAA00AE9B35 /* PBXTargetDependency */,
			);
			fileSystemSynchronizedGroups = (
				7D1D04812E93AAAA00AE9B35 /* TestCopilotFeaturesTests */,
			);
			name = TestCopilotFeaturesTests;
			packageProductDependencies = (
			);
			productName = TestCopilotFeaturesTests;
			productReference = 7D1D047E2E93AAAA00AE9B35 /* TestCopilotFeaturesTests.xctest */;
			productType = "com.apple.product-type.bundle.unit-test";
		};
		7D1D04872E93AAAA00AE9B35 /* TestCopilotFeaturesUITests */ = {
			isa = PBXNativeTarget;
			buildConfigurationList = 7D1D04982E93AAAA00AE9B35 /* Build configuration list for PBXNativeTarget "TestCopilotFeaturesUITests" */;
			buildPhases = (
				7D1D04842E93AAAA00AE9B35 /* Sources */,
				7D1D04852E93AAAA00AE9B35 /* Frameworks */,
				7D1D04862E93AAAA00AE9B35 /* Resources */,
			);
			buildRules = (
			);
			dependencies = (
				7D1D048A2E93AAAA00AE9B35 /* PBXTargetDependency */,
			);
			fileSystemSynchronizedGroups = (
				7D1D048B2E93AAAA00AE9B35 /* TestCopilotFeaturesUITests */,
			);
			name = TestCopilotFeaturesUITests;
			packageProductDependencies = (
			);
			productName = TestCopilotFeaturesUITests;
			productReference = 7D1D04882E93AAAA00AE9B35 /* TestCopilotFeaturesUITests.xctest */;
			productType = "com.apple.product-type.bundle.ui-testing";
		};
/* End PBXNativeTarget section */

/* Begin PBXProject section */
		7D1D04692E93AAA800AE9B35 /* Project object */ = {
			isa = PBXProject;
			attributes = {
				BuildIndependentTargetsInParallel = 1;
				LastSwiftUpdateCheck = 2600;
				LastUpgradeCheck = 2600;
				TargetAttributes = {
					7D1D04702E93AAA800AE9B35 = {
						CreatedOnToolsVersion = 26.0.1;
					};
					7D1D047D2E93AAAA00AE9B35 = {
						CreatedOnToolsVersion = 26.0.1;
						TestTargetID = 7D1D04702E93AAA800AE9B35;
					};
					7D1D04872E93AAAA00AE9B35 = {
						CreatedOnToolsVersion = 26.0.1;
						TestTargetID = 7D1D04702E93AAA800AE9B35;
					};
				};
			};
			buildConfigurationList = 7D1D046C2E93AAA800AE9B35 /* Build configuration list for PBXProject "TestCopilotFeatures" */;
			developmentRegion = en;
			hasScannedForEncodings = 0;
			knownRegions = (
				en,
				Base,
			);
			mainGroup = 7D1D04682E93AAA800AE9B35;
			minimizedProjectReferenceProxies = 1;
			preferredProjectObjectVersion = 77;
			productRefGroup = 7D1D04722E93AAA800AE9B35 /* Products */;
			projectDirPath = "";
			projectRoot = "";
			targets = (
				7D1D04702E93AAA800AE9B35 /* TestCopilotFeatures */,
				7D1D047D2E93AAAA00AE9B35 /* TestCopilotFeaturesTests */,
				7D1D04872E93AAAA00AE9B35 /* TestCopilotFeaturesUITests */,
			);
		};
/* End PBXProject section */

/* Begin PBXResourcesBuildPhase section */
		7D1D046F2E93AAA800AE9B35 /* Resources */ = {
			isa = PBXResourcesBuildPhase;
			buildActionMask = 2147483647;
			files = (
			);
			runOnlyForDeploymentPostprocessing = 0;
		};
		7D1D047C2E93AAAA00AE9B35 /* Resources */ = {
			isa = PBXResourcesBuildPhase;
			buildActionMask = 2147483647;
			files = (
			);
			runOnlyForDeploymentPostprocessing = 0;
		};
		7D1D04862E93AAAA00AE9B35 /* Resources */ = {
			isa = PBXResourcesBuildPhase;
			buildActionMask = 2147483647;
			files = (
			);
			runOnlyForDeploymentPostprocessing = 0;
		};
/* End PBXResourcesBuildPhase section */

/* Begin PBXSourcesBuildPhase section */
		7D1D046D2E93AAA800AE9B35 /* Sources */ = {
			isa = PBXSourcesBuildPhase;
			buildActionMask = 2147483647;
			files = (
			);
			runOnlyForDeploymentPostprocessing = 0;
		};
		7D1D047A2E93AAAA00AE9B35 /* Sources */ = {
			isa = PBXSourcesBuildPhase;
			buildActionMask = 2147483647;
			files = (
			);
			runOnlyForDeploymentPostprocessing = 0;
		};
		7D1D04842E93AAAA00AE9B35 /* Sources */ = {
			isa = PBXSourcesBuildPhase;
			buildActionMask = 2147483647;
			files = (
			);
			runOnlyForDeploymentPostprocessing = 0;
		};
/* End PBXSourcesBuildPhase section */

/* Begin PBXTargetDependency section */
		7D1D04802E93AAAA00AE9B35 /* PBXTargetDependency */ = {
			isa = PBXTargetDependency;
			target = 7D1D04702E93AAA800AE9B35 /* TestCopilotFeatures */;
			targetProxy = 7D1D047F2E93AAAA00AE9B35 /* PBXContainerItemProxy */;
		};
		7D1D048A2E93AAAA00AE9B35 /* PBXTargetDependency */ = {
			isa = PBXTargetDependency;
			target = 7D1D04702E93AAA800AE9B35 /* TestCopilotFeatures */;
			targetProxy = 7D1D04892E93AAAA00AE9B35 /* PBXContainerItemProxy */;
		};
/* End PBXTargetDependency section */

/* Begin XCBuildConfiguration section */
		7D1D04902E93AAAA00AE9B35 /* Debug */ = {
			isa = XCBuildConfiguration;
			buildSettings = {
				ALWAYS_SEARCH_USER_PATHS = NO;
				ASSETCATALOG_COMPILER_GENERATE_SWIFT_ASSET_SYMBOL_EXTENSIONS = YES;
				CLANG_ANALYZER_NONNULL = YES;
				CLANG_ANALYZER_NUMBER_OBJECT_CONVERSION = YES_AGGRESSIVE;
				CLANG_CXX_LANGUAGE_STANDARD = "gnu++20";
				CLANG_ENABLE_MODULES = YES;
				CLANG_ENABLE_OBJC_ARC = YES;
				CLANG_ENABLE_OBJC_WEAK = YES;
				CLANG_WARN_BLOCK_CAPTURE_AUTORELEASING = YES;
				CLANG_WARN_BOOL_CONVERSION = YES;
				CLANG_WARN_COMMA = YES;
				CLANG_WARN_CONSTANT_CONVERSION = YES;
				CLANG_WARN_DEPRECATED_OBJC_IMPLEMENTATIONS = YES;
				CLANG_WARN_DIRECT_OBJC_ISA_USAGE = YES_ERROR;
				CLANG_WARN_DOCUMENTATION_COMMENTS = YES;
				CLANG_WARN_EMPTY_BODY = YES;
				CLANG_WARN_ENUM_CONVERSION = YES;
				CLANG_WARN_INFINITE_RECURSION = YES;
				CLANG_WARN_INT_CONVERSION = YES;
				CLANG_WARN_NON_LITERAL_NULL_CONVERSION = YES;
				CLANG_WARN_OBJC_IMPLICIT_RETAIN_SELF = YES;
				CLANG_WARN_OBJC_LITERAL_CONVERSION = YES;
				CLANG_WARN_OBJC_ROOT_CLASS = YES_ERROR;
				CLANG_WARN_QUOTED_INCLUDE_IN_FRAMEWORK_HEADER = YES;
				CLANG_WARN_RANGE_LOOP_ANALYSIS = YES;
				CLANG_WARN_STRICT_PROTOTYPES = YES;
				CLANG_WARN_SUSPICIOUS_MOVE = YES;
				CLANG_WARN_UNGUARDED_AVAILABILITY = YES_AGGRESSIVE;
				CLANG_WARN_UNREACHABLE_CODE = YES;
				CLANG_WARN__DUPLICATE_METHOD_MATCH = YES;
				COPY_PHASE_STRIP = NO;
				DEBUG_INFORMATION_FORMAT = dwarf;
				ENABLE_STRICT_OBJC_MSGSEND = YES;
				ENABLE_TESTABILITY = YES;
				ENABLE_USER_SCRIPT_SANDBOXING = YES;
				GCC_C_LANGUAGE_STANDARD = gnu17;
				GCC_DYNAMIC_NO_PIC = NO;
				GCC_NO_COMMON_BLOCKS = YES;
				GCC_OPTIMIZATION_LEVEL = 0;
				GCC_PREPROCESSOR_DEFINITIONS = (
					"DEBUG=1",
					"$(inherited)",
				);
				GCC_WARN_64_TO_32_BIT_CONVERSION = YES;
				GCC_WARN_ABOUT_RETURN_TYPE = YES_ERROR;
				GCC_WARN_UNDECLARED_SELECTOR = YES;
				GCC_WARN_UNINITIALIZED_AUTOS = YES_AGGRESSIVE;
				GCC_WARN_UNUSED_FUNCTION = YES;
				GCC_WARN_UNUSED_VARIABLE = YES;
				IPHONEOS_DEPLOYMENT_TARGET = 26.0;
				LOCALIZATION_PREFERS_STRING_CATALOGS = YES;
				MTL_ENABLE_DEBUG_INFO = INCLUDE_SOURCE;
				MTL_FAST_MATH = YES;
				ONLY_ACTIVE_ARCH = YES;
				SDKROOT = iphoneos;
				SWIFT_ACTIVE_COMPILATION_CONDITIONS = "DEBUG $(inherited)";
				SWIFT_OPTIMIZATION_LEVEL = "-Onone";
			};
			name = Debug;
		};
		7D1D04912E93AAAA00AE9B35 /* Release */ = {
			isa = XCBuildConfiguration;
			buildSettings = {
				ALWAYS_SEARCH_USER_PATHS = NO;
				ASSETCATALOG_COMPILER_GENERATE_SWIFT_ASSET_SYMBOL_EXTENSIONS = YES;
				CLANG_ANALYZER_NONNULL = YES;
				CLANG_ANALYZER_NUMBER_OBJECT_CONVERSION = YES_AGGRESSIVE;
				CLANG_CXX_LANGUAGE_STANDARD = "gnu++20";
				CLANG_ENABLE_MODULES = YES;
				CLANG_ENABLE_OBJC_ARC = YES;
				CLANG_ENABLE_OBJC_WEAK = YES;
				CLANG_WARN_BLOCK_CAPTURE_AUTORELEASING = YES;
				CLANG_WARN_BOOL_CONVERSION = YES;
				CLANG_WARN_COMMA = YES;
				CLANG_WARN_CONSTANT_CONVERSION = YES;
				CLANG_WARN_DEPRECATED_OBJC_IMPLEMENTATIONS = YES;
				CLANG_WARN_DIRECT_OBJC_ISA_USAGE = YES_ERROR;
				CLANG_WARN_DOCUMENTATION_COMMENTS = YES;
				CLANG_WARN_EMPTY_BODY = YES;
				CLANG_WARN_ENUM_CONVERSION = YES;
				CLANG_WARN_INFINITE_RECURSION = YES;
				CLANG_WARN_INT_CONVERSION = YES;
				CLANG_WARN_NON_LITERAL_NULL_CONVERSION = YES;
				CLANG_WARN_OBJC_IMPLICIT_RETAIN_SELF = YES;
				CLANG_WARN_OBJC_LITERAL_CONVERSION = YES;
				CLANG_WARN_OBJC_ROOT_CLASS = YES_ERROR;
				CLANG_WARN_QUOTED_INCLUDE_IN_FRAMEWORK_HEADER = YES;
				CLANG_WARN_RANGE_LOOP_ANALYSIS = YES;
				CLANG_WARN_STRICT_PROTOTYPES = YES;
				CLANG_WARN_SUSPICIOUS_MOVE = YES;
				CLANG_WARN_UNGUARDED_AVAILABILITY = YES_AGGRESSIVE;
				CLANG_WARN_UNREACHABLE_CODE = YES;
				CLANG_WARN__DUPLICATE_METHOD_MATCH = YES;
				COPY_PHASE_STRIP = NO;
				DEBUG_INFORMATION_FORMAT = "dwarf-with-dsym";
				ENABLE_NS_ASSERTIONS = NO;
				ENABLE_STRICT_OBJC_MSGSEND = YES;
				ENABLE_USER_SCRIPT_SANDBOXING = YES;
				GCC_C_LANGUAGE_STANDARD = gnu17;
				GCC_NO_COMMON_BLOCKS = YES;
				GCC_WARN_64_TO_32_BIT_CONVERSION = YES;
				GCC_WARN_ABOUT_RETURN_TYPE = YES_ERROR;
				GCC_WARN_UNDECLARED_SELECTOR = YES;
				GCC_WARN_UNINITIALIZED_AUTOS = YES_AGGRESSIVE;
				GCC_WARN_UNUSED_FUNCTION = YES;
				GCC_WARN_UNUSED_VARIABLE = YES;
				IPHONEOS_DEPLOYMENT_TARGET = 26.0;
				LOCALIZATION_PREFERS_STRING_CATALOGS = YES;
				MTL_ENABLE_DEBUG_INFO = NO;
				MTL_FAST_MATH = YES;
				SDKROOT = iphoneos;
				SWIFT_COMPILATION_MODE = wholemodule;
				VALIDATE_PRODUCT = YES;
			};
			name = Release;
		};
		7D1D04932E93AAAA00AE9B35 /* Debug */ = {
			isa = XCBuildConfiguration;
			buildSettings = {
				ASSETCATALOG_COMPILER_APPICON_NAME = AppIcon;
				ASSETCATALOG_COMPILER_GLOBAL_ACCENT_COLOR_NAME = AccentColor;
				CODE_SIGN_STYLE = Automatic;
				CURRENT_PROJECT_VERSION = 1;
				ENABLE_PREVIEWS = YES;
				GENERATE_INFOPLIST_FILE = YES;
				INFOPLIST_KEY_UIApplicationSceneManifest_Generation = YES;
				INFOPLIST_KEY_UIApplicationSupportsIndirectInputEvents = YES;
				INFOPLIST_KEY_UILaunchScreen_Generation = YES;
				INFOPLIST_KEY_UISupportedInterfaceOrientations_iPad = "UIInterfaceOrientationPortrait UIInterfaceOrientationPortraitUpsideDown UIInterfaceOrientationLandscapeLeft UIInterfaceOrientationLandscapeRight";
				INFOPLIST_KEY_UISupportedInterfaceOrientations_iPhone = "UIInterfaceOrientationPortrait UIInterfaceOrientationLandscapeLeft UIInterfaceOrientationLandscapeRight";
				LD_RUNPATH_SEARCH_PATHS = (
					"$(inherited)",
					"@executable_path/Frameworks",
				);
				MARKETING_VERSION = 1.0;
				PRODUCT_BUNDLE_IDENTIFIER = simform.TestCopilotFeatures;
				PRODUCT_NAME = "$(TARGET_NAME)";
				STRING_CATALOG_GENERATE_SYMBOLS = YES;
				SWIFT_APPROACHABLE_CONCURRENCY = YES;
				SWIFT_DEFAULT_ACTOR_ISOLATION = MainActor;
				SWIFT_EMIT_LOC_STRINGS = YES;
				SWIFT_UPCOMING_FEATURE_MEMBER_IMPORT_VISIBILITY = YES;
				SWIFT_VERSION = 5.0;
				TARGETED_DEVICE_FAMILY = "1,2";
			};
			name = Debug;
		};
		7D1D04942E93AAAA00AE9B35 /* Release */ = {
			isa = XCBuildConfiguration;
			buildSettings = {
				ASSETCATALOG_COMPILER_APPICON_NAME = AppIcon;
				ASSETCATALOG_COMPILER_GLOBAL_ACCENT_COLOR_NAME = AccentColor;
				CODE_SIGN_STYLE = Automatic;
				CURRENT_PROJECT_VERSION = 1;
				ENABLE_PREVIEWS = YES;
				GENERATE_INFOPLIST_FILE = YES;
				INFOPLIST_KEY_UIApplicationSceneManifest_Generation = YES;
				INFOPLIST_KEY_UIApplicationSupportsIndirectInputEvents = YES;
				INFOPLIST_KEY_UILaunchScreen_Generation = YES;
				INFOPLIST_KEY_UISupportedInterfaceOrientations_iPad = "UIInterfaceOrientationPortrait UIInterfaceOrientationPortraitUpsideDown UIInterfaceOrientationLandscapeLeft UIInterfaceOrientationLandscapeRight";
				INFOPLIST_KEY_UISupportedInterfaceOrientations_iPhone = "UIInterfaceOrientationPortrait UIInterfaceOrientationLandscapeLeft UIInterfaceOrientationLandscapeRight";
				LD_RUNPATH_SEARCH_PATHS = (
					"$(inherited)",
					"@executable_path/Frameworks",
				);
				MARKETING_VERSION = 1.0;
				PRODUCT_BUNDLE_IDENTIFIER = simform.TestCopilotFeatures;
				PRODUCT_NAME = "$(TARGET_NAME)";
				STRING_CATALOG_GENERATE_SYMBOLS = YES;
				SWIFT_APPROACHABLE_CONCURRENCY = YES;
				SWIFT_DEFAULT_ACTOR_ISOLATION = MainActor;
				SWIFT_EMIT_LOC_STRINGS = YES;
				SWIFT_UPCOMING_FEATURE_MEMBER_IMPORT_VISIBILITY = YES;
				SWIFT_VERSION = 5.0;
				TARGETED_DEVICE_FAMILY = "1,2";
			};
			name = Release;
		};
		7D1D04962E93AAAA00AE9B35 /* Debug */ = {
			isa = XCBuildConfiguration;
			buildSettings = {
				BUNDLE_LOADER = "$(TEST_HOST)";
				CODE_SIGN_STYLE = Automatic;
				CURRENT_PROJECT_VERSION = 1;
				GENERATE_INFOPLIST_FILE = YES;
				IPHONEOS_DEPLOYMENT_TARGET = 26.0;
				MARKETING_VERSION = 1.0;
				PRODUCT_BUNDLE_IDENTIFIER = simform.TestCopilotFeaturesTests;
				PRODUCT_NAME = "$(TARGET_NAME)";
				STRING_CATALOG_GENERATE_SYMBOLS = NO;
				SWIFT_APPROACHABLE_CONCURRENCY = YES;
				SWIFT_EMIT_LOC_STRINGS = NO;
				SWIFT_UPCOMING_FEATURE_MEMBER_IMPORT_VISIBILITY = YES;
				SWIFT_VERSION = 5.0;
				TARGETED_DEVICE_FAMILY = "1,2";
				TEST_HOST = "$(BUILT_PRODUCTS_DIR)/TestCopilotFeatures.app/$(BUNDLE_EXECUTABLE_FOLDER_PATH)/TestCopilotFeatures";
			};
			name = Debug;
		};
		7D1D04972E93AAAA00AE9B35 /* Release */ = {
			isa = XCBuildConfiguration;
			buildSettings = {
				BUNDLE_LOADER = "$(TEST_HOST)";
				CODE_SIGN_STYLE = Automatic;
				CURRENT_PROJECT_VERSION = 1;
				GENERATE_INFOPLIST_FILE = YES;
				IPHONEOS_DEPLOYMENT_TARGET = 26.0;
				MARKETING_VERSION = 1.0;
				PRODUCT_BUNDLE_IDENTIFIER = simform.TestCopilotFeaturesTests;
				PRODUCT_NAME = "$(TARGET_NAME)";
				STRING_CATALOG_GENERATE_SYMBOLS = NO;
				SWIFT_APPROACHABLE_CONCURRENCY = YES;
				SWIFT_EMIT_LOC_STRINGS = NO;
				SWIFT_UPCOMING_FEATURE_MEMBER_IMPORT_VISIBILITY = YES;
				SWIFT_VERSION = 5.0;
				TARGETED_DEVICE_FAMILY = "1,2";
				TEST_HOST = "$(BUILT_PRODUCTS_DIR)/TestCopilotFeatures.app/$(BUNDLE_EXECUTABLE_FOLDER_PATH)/TestCopilotFeatures";
			};
			name = Release;
		};
		7D1D04992E93AAAA00AE9B35 /* Debug */ = {
			isa = XCBuildConfiguration;
			buildSettings = {
				CODE_SIGN_STYLE = Automatic;
				CURRENT_PROJECT_VERSION = 1;
				GENERATE_INFOPLIST_FILE = YES;
				MARKETING_VERSION = 1.0;
				PRODUCT_BUNDLE_IDENTIFIER = simform.TestCopilotFeaturesUITests;
				PRODUCT_NAME = "$(TARGET_NAME)";
				STRING_CATALOG_GENERATE_SYMBOLS = NO;
				SWIFT_APPROACHABLE_CONCURRENCY = YES;
				SWIFT_EMIT_LOC_STRINGS = NO;
				SWIFT_UPCOMING_FEATURE_MEMBER_IMPORT_VISIBILITY = YES;
				SWIFT_VERSION = 5.0;
				TARGETED_DEVICE_FAMILY = "1,2";
				TEST_TARGET_NAME = TestCopilotFeatures;
			};
			name = Debug;
		};
		7D1D049A2E93AAAA00AE9B35 /* Release */ = {
			isa = XCBuildConfiguration;
			buildSettings = {
				CODE_SIGN_STYLE = Automatic;
				CURRENT_PROJECT_VERSION = 1;
				GENERATE_INFOPLIST_FILE = YES;
				MARKETING_VERSION = 1.0;
				PRODUCT_BUNDLE_IDENTIFIER = simform.TestCopilotFeaturesUITests;
				PRODUCT_NAME = "$(TARGET_NAME)";
				STRING_CATALOG_GENERATE_SYMBOLS = NO;
				SWIFT_APPROACHABLE_CONCURRENCY = YES;
				SWIFT_EMIT_LOC_STRINGS = NO;
				SWIFT_UPCOMING_FEATURE_MEMBER_IMPORT_VISIBILITY = YES;
				SWIFT_VERSION = 5.0;
				TARGETED_DEVICE_FAMILY = "1,2";
				TEST_TARGET_NAME = TestCopilotFeatures;
			};
			name = Release;
		};
/* End XCBuildConfiguration section */

/* Begin XCConfigurationList section */
		7D1D046C2E93AAA800AE9B35 /* Build configuration list for PBXProject "TestCopilotFeatures" */ = {
			isa = XCConfigurationList;
			buildConfigurations = (
				7D1D04902E93AAAA00AE9B35 /* Debug */,
				7D1D04912E93AAAA00AE9B35 /* Release */,
			);
			defaultConfigurationIsVisible = 0;
			defaultConfigurationName = Release;
		};
		7D1D04922E93AAAA00AE9B35 /* Build configuration list for PBXNativeTarget "TestCopilotFeatures" */ = {
			isa = XCConfigurationList;
			buildConfigurations = (
				7D1D04932E93AAAA00AE9B35 /* Debug */,
				7D1D04942E93AAAA00AE9B35 /* Release */,
			);
			defaultConfigurationIsVisible = 0;
			defaultConfigurationName = Release;
		};
		7D1D04952E93AAAA00AE9B35 /* Build configuration list for PBXNativeTarget "TestCopilotFeaturesTests" */ = {
			isa = XCConfigurationList;
			buildConfigurations = (
				7D1D04962E93AAAA00AE9B35 /* Debug */,
				7D1D04972E93AAAA00AE9B35 /* Release */,
			);
			defaultConfigurationIsVisible = 0;
			defaultConfigurationName = Release;
		};
		7D1D04982E93AAAA00AE9B35 /* Build configuration list for PBXNativeTarget "TestCopilotFeaturesUITests" */ = {
			isa = XCConfigurationList;
			buildConfigurations = (
				7D1D04992E93AAAA00AE9B35 /* Debug */,
				7D1D049A2E93AAAA00AE9B35 /* Release */,
			);
			defaultConfigurationIsVisible = 0;
			defaultConfigurationName = Release;
		};
/* End XCConfigurationList section */
	};
	rootObject = 7D1D04692E93AAA800AE9B35 /* Project object */;
}
